
Microsoft Visual Studio Solution File, Format Version 12.00
# Visual Studio 2015
Project("{FAE04EC0-301F-11D3-BF4B-00C04F79EFBC}") = "Audio Visualizer.CSharp", "Audio Visualizer.CSharp.csproj", "{81826DBE-82F7-4F39-481C-569C205C5AAB}"
EndProject
Global
	GlobalSection(SolutionConfigurationPlatforms) = preSolution
		Debug|Any CPU = Debug|Any CPU
		Release|Any CPU = Release|Any CPU
	EndGlobalSection
	GlobalSection(ProjectConfigurationPlatforms) = postSolution
		{81826DBE-82F7-4F39-481C-569C205C5AAB}.Debug|Any CPU.ActiveCfg = Debug|Any CPU
		{81826DBE-82F7-4F39-481C-569C205C5AAB}.Debug|Any CPU.Build.0 = Debug|Any CPU
		{81826DBE-82F7-4F39-481C-569C205C5AAB}.Release|Any CPU.ActiveCfg = Release|Any CPU
		{81826DBE-82F7-4F39-481C-569C205C5AAB}.Release|Any CPU.Build.0 = Release|Any CPU
	EndGlobalSection
	GlobalSection(SolutionProperties) = preSolution
		HideSolutionNode = FALSE
	EndGlobalSection
EndGlobal
